
Microsoft Visual Studio Solution File, Format Version 12.00
# Visual Studio Version 16
VisualStudioVersion = 16.0.30717.126
MinimumVisualStudioVersion = 10.0.40219.1
Project("{FAE04EC0-301F-11D3-BF4B-00C04F79EFBC}") = "LR8", "LR8.csproj", "{916A92E5-1F0B-4C04-BDEB-1F3F18835540}"
EndProject
Global
	GlobalSection(SolutionConfigurationPlatforms) = preSolution
		Debug|Any CPU = Debug|Any CPU
		Release|Any CPU = Release|Any CPU
	EndGlobalSection
	GlobalSection(ProjectConfigurationPlatforms) = postSolution
		{916A92E5-1F0B-4C04-BDEB-1F3F18835540}.Debug|Any CPU.ActiveCfg = Debug|Any CPU
		{916A92E5-1F0B-4C04-BDEB-1F3F18835540}.Debug|Any CPU.Build.0 = Debug|Any CPU
		{916A92E5-1F0B-4C04-BDEB-1F3F18835540}.Release|Any CPU.ActiveCfg = Release|Any CPU
		{916A92E5-1F0B-4C04-BDEB-1F3F18835540}.Release|Any CPU.Build.0 = Release|Any CPU
	EndGlobalSection
	GlobalSection(SolutionProperties) = preSolution
		HideSolutionNode = FALSE
	EndGlobalSection
	GlobalSection(ExtensibilityGlobals) = postSolution
		SolutionGuid = {A4CE36D2-A477-4781-9A8D-A254D637E9BC}
	EndGlobalSection
EndGlobal
